// !$*UTF8*$!
{
	archiveVersion = 1;
	classes = {
	};
	objectVersion = 46;
	objects = {

/* Begin PBXBuildFile section */
		006D720419952D00008149E2 /* AVFoundation.framework in Frameworks */ = {isa = PBXBuildFile; fileRef = 006D720219952D00008149E2 /* AVFoundation.framework */; };
		006D720519952D00008149E2 /* CoreMedia.framework in Frameworks */ = {isa = PBXBuildFile; fileRef = 006D720319952D00008149E2 /* CoreMedia.framework */; };
		0091D8F90E81B9330029341E /* OpenGL.framework in Frameworks */ = {isa = PBXBuildFile; fileRef = 0091D8F80E81B9330029341E /* OpenGL.framework */; };
		00B784B30FF439BC000DE1D7 /* Accelerate.framework in Frameworks */ = {isa = PBXBuildFile; fileRef = 00B784AF0FF439BC000DE1D7 /* Accelerate.framework */; };
		00B784B40FF439BC000DE1D7 /* AudioToolbox.framework in Frameworks */ = {isa = PBXBuildFile; fileRef = 00B784B00FF439BC000DE1D7 /* AudioToolbox.framework */; };
		00B784B50FF439BC000DE1D7 /* AudioUnit.framework in Frameworks */ = {isa = PBXBuildFile; fileRef = 00B784B10FF439BC000DE1D7 /* AudioUnit.framework */; };
		00B784B60FF439BC000DE1D7 /* CoreAudio.framework in Frameworks */ = {isa = PBXBuildFile; fileRef = 00B784B20FF439BC000DE1D7 /* CoreAudio.framework */; };
		00B9955A1B128DF400A5C623 /* IOKit.framework in Frameworks */ = {isa = PBXBuildFile; fileRef = 00B995581B128DF400A5C623 /* IOKit.framework */; };
		00B9955B1B128DF400A5C623 /* IOSurface.framework in Frameworks */ = {isa = PBXBuildFile; fileRef = 00B995591B128DF400A5C623 /* IOSurface.framework */; };
		077C2046238C4D659A932BFB /* BehaviorSystem.cpp in Sources */ = {isa = PBXBuildFile; fileRef = 8A0B7011B4FC4A9FAFC91919 /* BehaviorSystem.cpp */; };
		13C6F233B65249B0AED6DF92 /* System.cc in Sources */ = {isa = PBXBuildFile; fileRef = FFA4143468424F94B3CAC424 /* System.cc */; };
		51E109E80C4A4AA4BC588E92 /* VerletPhysicsSystem.cpp in Sources */ = {isa = PBXBuildFile; fileRef = 7F1DD23E2B244BFD9EF6C140 /* VerletPhysicsSystem.cpp */; };
		5323E6B20EAFCA74003A9687 /* CoreVideo.framework in Frameworks */ = {isa = PBXBuildFile; fileRef = 5323E6B10EAFCA74003A9687 /* CoreVideo.framework */; };
		74850F8B426C4ED8843184A2 /* Event.cc in Sources */ = {isa = PBXBuildFile; fileRef = B93A87C948554D3F9A976149 /* Event.cc */; };
		79A985101DBB4B6A958DA222 /* ComponentSwappingApp.cpp in Sources */ = {isa = PBXBuildFile; fileRef = 2070FF1E269542B9A4450D2D /* ComponentSwappingApp.cpp */; };
		85C3DB59DD2C495CB3583785 /* Pool.cc in Sources */ = {isa = PBXBuildFile; fileRef = 1725F9ECCA2F4413BDC21816 /* Pool.cc */; };
		88E0241340824812A8EAA215 /* CinderApp.icns in Resources */ = {isa = PBXBuildFile; fileRef = B7BC0EF4D58743DE9EC5B622 /* CinderApp.icns */; };
		8D11072F0486CEB800E47090 /* Cocoa.framework in Frameworks */ = {isa = PBXBuildFile; fileRef = 1058C7A1FEA54F0111CA2CBB /* Cocoa.framework */; };
		95869AA04F4B4DE48E9FCBD0 /* ExpiresSystem.cpp in Sources */ = {isa = PBXBuildFile; fileRef = 39CEC3045700418FB0479BEC /* ExpiresSystem.cpp */; };
		AF73C5F8511B4A84BEEA8F6D /* TransformSystem.cpp in Sources */ = {isa = PBXBuildFile; fileRef = 03D1031DF8384A59AB22BB73 /* TransformSystem.cpp */; };
		B562DAD3F4D941D0974FBECB /* Entity.cc in Sources */ = {isa = PBXBuildFile; fileRef = 630ECFCB87534F3291873831 /* Entity.cc */; };
/* End PBXBuildFile section */

/* Begin PBXFileReference section */
		006D720219952D00008149E2 /* AVFoundation.framework */ = {isa = PBXFileReference; lastKnownFileType = wrapper.framework; name = AVFoundation.framework; path = System/Library/Frameworks/AVFoundation.framework; sourceTree = SDKROOT; };
		006D720319952D00008149E2 /* CoreMedia.framework */ = {isa = PBXFileReference; lastKnownFileType = wrapper.framework; name = CoreMedia.framework; path = System/Library/Frameworks/CoreMedia.framework; sourceTree = SDKROOT; };
		0091D8F80E81B9330029341E /* OpenGL.framework */ = {isa = PBXFileReference; lastKnownFileType = wrapper.framework; name = OpenGL.framework; path = /System/Library/Frameworks/OpenGL.framework; sourceTree = "<absolute>"; };
		00B784AF0FF439BC000DE1D7 /* Accelerate.framework */ = {isa = PBXFileReference; lastKnownFileType = wrapper.framework; name = Accelerate.framework; path = System/Library/Frameworks/Accelerate.framework; sourceTree = SDKROOT; };
		00B784B00FF439BC000DE1D7 /* AudioToolbox.framework */ = {isa = PBXFileReference; lastKnownFileType = wrapper.framework; name = AudioToolbox.framework; path = System/Library/Frameworks/AudioToolbox.framework; sourceTree = SDKROOT; };
		00B784B10FF439BC000DE1D7 /* AudioUnit.framework */ = {isa = PBXFileReference; lastKnownFileType = wrapper.framework; name = AudioUnit.framework; path = System/Library/Frameworks/AudioUnit.framework; sourceTree = SDKROOT; };
		00B784B20FF439BC000DE1D7 /* CoreAudio.framework */ = {isa = PBXFileReference; lastKnownFileType = wrapper.framework; name = CoreAudio.framework; path = System/Library/Frameworks/CoreAudio.framework; sourceTree = SDKROOT; };
		00B995581B128DF400A5C623 /* IOKit.framework */ = {isa = PBXFileReference; lastKnownFileType = wrapper.framework; name = IOKit.framework; path = System/Library/Frameworks/IOKit.framework; sourceTree = SDKROOT; };
		00B995591B128DF400A5C623 /* IOSurface.framework */ = {isa = PBXFileReference; lastKnownFileType = wrapper.framework; name = IOSurface.framework; path = System/Library/Frameworks/IOSurface.framework; sourceTree = SDKROOT; };
		03D1031DF8384A59AB22BB73 /* TransformSystem.cpp */ = {isa = PBXFileReference; lastKnownFileType = sourcecode.c.cpp; name = TransformSystem.cpp; path = ../../../src/soso/TransformSystem.cpp; sourceTree = "<group>"; };
		0C3902A4D5464CF7AB0F5674 /* Expires.h */ = {isa = PBXFileReference; lastKnownFileType = sourcecode.c.h; name = Expires.h; path = ../../../src/soso/Expires.h; sourceTree = "<group>"; };
		1058C7A1FEA54F0111CA2CBB /* Cocoa.framework */ = {isa = PBXFileReference; lastKnownFileType = wrapper.framework; name = Cocoa.framework; path = /System/Library/Frameworks/Cocoa.framework; sourceTree = "<absolute>"; };
		16C59F15BD3640C9903D89CF /* BehaviorSystem.h */ = {isa = PBXFileReference; lastKnownFileType = sourcecode.c.h; name = BehaviorSystem.h; path = ../../../src/soso/BehaviorSystem.h; sourceTree = "<group>"; };
		1725F9ECCA2F4413BDC21816 /* Pool.cc */ = {isa = PBXFileReference; lastKnownFileType = "\"\""; name = Pool.cc; path = ../../../src/entityx/entityx/help/Pool.cc; sourceTree = "<group>"; };
		2070FF1E269542B9A4450D2D /* ComponentSwappingApp.cpp */ = {isa = PBXFileReference; lastKnownFileType = sourcecode.c.cpp; name = ComponentSwappingApp.cpp; path = ../src/ComponentSwappingApp.cpp; sourceTree = "<group>"; };
		24A0E3E010F34E6C8FA2E14F /* ComponentSwapping_Prefix.pch */ = {isa = PBXFileReference; lastKnownFileType = "\"\""; path = ComponentSwapping_Prefix.pch; sourceTree = "<group>"; };
		29B97324FDCFA39411CA2CEA /* AppKit.framework */ = {isa = PBXFileReference; lastKnownFileType = wrapper.framework; name = AppKit.framework; path = /System/Library/Frameworks/AppKit.framework; sourceTree = "<absolute>"; };
		29B97325FDCFA39411CA2CEA /* Foundation.framework */ = {isa = PBXFileReference; lastKnownFileType = wrapper.framework; name = Foundation.framework; path = /System/Library/Frameworks/Foundation.framework; sourceTree = "<absolute>"; };
		2ABF218D0CE94B0C9A7862EC /* ExpiresSystem.h */ = {isa = PBXFileReference; lastKnownFileType = sourcecode.c.h; name = ExpiresSystem.h; path = ../../../src/soso/ExpiresSystem.h; sourceTree = "<group>"; };
		34B085B1DE45440BAE18F3D4 /* VerletPhysicsSystem.h */ = {isa = PBXFileReference; lastKnownFileType = sourcecode.c.h; name = VerletPhysicsSystem.h; path = ../../../src/soso/VerletPhysicsSystem.h; sourceTree = "<group>"; };
		39CEC3045700418FB0479BEC /* ExpiresSystem.cpp */ = {isa = PBXFileReference; lastKnownFileType = sourcecode.c.cpp; name = ExpiresSystem.cpp; path = ../../../src/soso/ExpiresSystem.cpp; sourceTree = "<group>"; };
		3D4B6843A0D04C779271133F /* HierarchyComponentT.h */ = {isa = PBXFileReference; lastKnownFileType = sourcecode.c.h; name = HierarchyComponentT.h; path = ../../../src/soso/HierarchyComponentT.h; sourceTree = "<group>"; };
		48AD16FF7BDA4E6A84F0EE92 /* TransformSystem.h */ = {isa = PBXFileReference; lastKnownFileType = sourcecode.c.h; name = TransformSystem.h; path = ../../../src/soso/TransformSystem.h; sourceTree = "<group>"; };
		5323E6B10EAFCA74003A9687 /* CoreVideo.framework */ = {isa = PBXFileReference; lastKnownFileType = wrapper.framework; name = CoreVideo.framework; path = /System/Library/Frameworks/CoreVideo.framework; sourceTree = "<absolute>"; };
		54FDC849C2804AE5B01ECA74 /* Info.plist */ = {isa = PBXFileReference; lastKnownFileType = text.plist.xml; path = Info.plist; sourceTree = "<group>"; };
		5C74B9EF65AC402892172693 /* System.h */ = {isa = PBXFileReference; lastKnownFileType = sourcecode.c.h; name = System.h; path = ../../../src/entityx/entityx/System.h; sourceTree = "<group>"; };
		5E8A4CA3F5254F90945F4CAE /* Event.h */ = {isa = PBXFileReference; lastKnownFileType = sourcecode.c.h; name = Event.h; path = ../../../src/entityx/entityx/Event.h; sourceTree = "<group>"; };
		630ECFCB87534F3291873831 /* Entity.cc */ = {isa = PBXFileReference; lastKnownFileType = "\"\""; name = Entity.cc; path = ../../../src/entityx/entityx/Entity.cc; sourceTree = "<group>"; };
		7F1DD23E2B244BFD9EF6C140 /* VerletPhysicsSystem.cpp */ = {isa = PBXFileReference; lastKnownFileType = sourcecode.c.cpp; name = VerletPhysicsSystem.cpp; path = ../../../src/soso/VerletPhysicsSystem.cpp; sourceTree = "<group>"; };
		84603B672296413FB3B50FB3 /* Entity.h */ = {isa = PBXFileReference; lastKnownFileType = sourcecode.c.h; name = Entity.h; path = ../../../src/entityx/entityx/Entity.h; sourceTree = "<group>"; };
		87661CC5280B454FA1B5615D /* HierarchyComponent.h */ = {isa = PBXFileReference; lastKnownFileType = sourcecode.c.h; name = HierarchyComponent.h; path = ../../../src/soso/HierarchyComponent.h; sourceTree = "<group>"; };
		8A0B7011B4FC4A9FAFC91919 /* BehaviorSystem.cpp */ = {isa = PBXFileReference; lastKnownFileType = sourcecode.c.cpp; name = BehaviorSystem.cpp; path = ../../../src/soso/BehaviorSystem.cpp; sourceTree = "<group>"; };
		8D1107320486CEB800E47090 /* ComponentSwapping.app */ = {isa = PBXFileReference; explicitFileType = wrapper.application; includeInIndex = 0; path = ComponentSwapping.app; sourceTree = BUILT_PRODUCTS_DIR; };
		8D2B20F7C2764591993C95E3 /* RenderLayer.h */ = {isa = PBXFileReference; lastKnownFileType = sourcecode.c.h; name = RenderLayer.h; path = ../../../src/soso/RenderLayer.h; sourceTree = "<group>"; };
		9E22E05A916749989987F5A2 /* Resources.h */ = {isa = PBXFileReference; lastKnownFileType = sourcecode.c.h; name = Resources.h; path = ../include/Resources.h; sourceTree = "<group>"; };
		A4A4000126FD4AFC96D6E92A /* quick.h */ = {isa = PBXFileReference; lastKnownFileType = sourcecode.c.h; name = quick.h; path = ../../../src/entityx/entityx/quick.h; sourceTree = "<group>"; };
		A803DCEB08CE42669E3BE829 /* Transform.h */ = {isa = PBXFileReference; lastKnownFileType = sourcecode.c.h; name = Transform.h; path = ../../../src/soso/Transform.h; sourceTree = "<group>"; };
		B7BC0EF4D58743DE9EC5B622 /* CinderApp.icns */ = {isa = PBXFileReference; lastKnownFileType = image.icns; name = CinderApp.icns; path = ../resources/CinderApp.icns; sourceTree = "<group>"; };
		B93A87C948554D3F9A976149 /* Event.cc */ = {isa = PBXFileReference; lastKnownFileType = "\"\""; name = Event.cc; path = ../../../src/entityx/entityx/Event.cc; sourceTree = "<group>"; };
		DAD17A2AE8F94FE9A79E6323 /* Behavior.h */ = {isa = PBXFileReference; lastKnownFileType = sourcecode.c.h; name = Behavior.h; path = ../../../src/soso/Behavior.h; sourceTree = "<group>"; };
		E3767DF1CC094872A5DA1969 /* VerletBody.h */ = {isa = PBXFileReference; lastKnownFileType = sourcecode.c.h; name = VerletBody.h; path = ../../../src/soso/VerletBody.h; sourceTree = "<group>"; };
		F7B74953B7644B54A5381524 /* entityx.h */ = {isa = PBXFileReference; lastKnownFileType = sourcecode.c.h; name = entityx.h; path = ../../../src/entityx/entityx/entityx.h; sourceTree = "<group>"; };
		FFA4143468424F94B3CAC424 /* System.cc */ = {isa = PBXFileReference; lastKnownFileType = "\"\""; name = System.cc; path = ../../../src/entityx/entityx/System.cc; sourceTree = "<group>"; };
/* End PBXFileReference section */

/* Begin PBXFrameworksBuildPhase section */
		8D11072E0486CEB800E47090 /* Frameworks */ = {
			isa = PBXFrameworksBuildPhase;
			buildActionMask = 2147483647;
			files = (
				006D720419952D00008149E2 /* AVFoundation.framework in Frameworks */,
				006D720519952D00008149E2 /* CoreMedia.framework in Frameworks */,
				8D11072F0486CEB800E47090 /* Cocoa.framework in Frameworks */,
				0091D8F90E81B9330029341E /* OpenGL.framework in Frameworks */,
				5323E6B20EAFCA74003A9687 /* CoreVideo.framework in Frameworks */,
				00B784B30FF439BC000DE1D7 /* Accelerate.framework in Frameworks */,
				00B784B40FF439BC000DE1D7 /* AudioToolbox.framework in Frameworks */,
				00B784B50FF439BC000DE1D7 /* AudioUnit.framework in Frameworks */,
				00B784B60FF439BC000DE1D7 /* CoreAudio.framework in Frameworks */,
				00B9955A1B128DF400A5C623 /* IOKit.framework in Frameworks */,
				00B9955B1B128DF400A5C623 /* IOSurface.framework in Frameworks */,
			);
			runOnlyForDeploymentPostprocessing = 0;
		};
/* End PBXFrameworksBuildPhase section */

/* Begin PBXGroup section */
		0163B32F31114477B92306A0 /* soso */ = {
			isa = PBXGroup;
			children = (
				DAD17A2AE8F94FE9A79E6323 /* Behavior.h */,
				16C59F15BD3640C9903D89CF /* BehaviorSystem.h */,
				0C3902A4D5464CF7AB0F5674 /* Expires.h */,
				2ABF218D0CE94B0C9A7862EC /* ExpiresSystem.h */,
				87661CC5280B454FA1B5615D /* HierarchyComponent.h */,
				3D4B6843A0D04C779271133F /* HierarchyComponentT.h */,
				8D2B20F7C2764591993C95E3 /* RenderLayer.h */,
				A803DCEB08CE42669E3BE829 /* Transform.h */,
				48AD16FF7BDA4E6A84F0EE92 /* TransformSystem.h */,
				E3767DF1CC094872A5DA1969 /* VerletBody.h */,
				34B085B1DE45440BAE18F3D4 /* VerletPhysicsSystem.h */,
				8A0B7011B4FC4A9FAFC91919 /* BehaviorSystem.cpp */,
				39CEC3045700418FB0479BEC /* ExpiresSystem.cpp */,
				03D1031DF8384A59AB22BB73 /* TransformSystem.cpp */,
				7F1DD23E2B244BFD9EF6C140 /* VerletPhysicsSystem.cpp */,
			);
			name = soso;
			sourceTree = "<group>";
		};
		01B97315FEAEA392516A2CEA /* Blocks */ = {
			isa = PBXGroup;
			children = (
				652BE52F28B345DF92E240D6 /* Entity Component System */,
			);
			name = Blocks;
			sourceTree = "<group>";
		};
		080E96DDFE201D6D7F000001 /* Source */ = {
			isa = PBXGroup;
			children = (
				2070FF1E269542B9A4450D2D /* ComponentSwappingApp.cpp */,
			);
			name = Source;
			sourceTree = "<group>";
		};
		1058C7A0FEA54F0111CA2CBB /* Linked Frameworks */ = {
			isa = PBXGroup;
			children = (
				006D720219952D00008149E2 /* AVFoundation.framework */,
				006D720319952D00008149E2 /* CoreMedia.framework */,
				00B784AF0FF439BC000DE1D7 /* Accelerate.framework */,
				00B784B00FF439BC000DE1D7 /* AudioToolbox.framework */,
				00B784B10FF439BC000DE1D7 /* AudioUnit.framework */,
				00B784B20FF439BC000DE1D7 /* CoreAudio.framework */,
				5323E6B10EAFCA74003A9687 /* CoreVideo.framework */,
				0091D8F80E81B9330029341E /* OpenGL.framework */,
				1058C7A1FEA54F0111CA2CBB /* Cocoa.framework */,
				00B995581B128DF400A5C623 /* IOKit.framework */,
				00B995591B128DF400A5C623 /* IOSurface.framework */,
			);
			name = "Linked Frameworks";
			sourceTree = "<group>";
		};
		1058C7A2FEA54F0111CA2CBB /* Other Frameworks */ = {
			isa = PBXGroup;
			children = (
				29B97324FDCFA39411CA2CEA /* AppKit.framework */,
				29B97325FDCFA39411CA2CEA /* Foundation.framework */,
			);
			name = "Other Frameworks";
			sourceTree = "<group>";
		};
		19C28FACFE9D520D11CA2CBB /* Products */ = {
			isa = PBXGroup;
			children = (
				8D1107320486CEB800E47090 /* ComponentSwapping.app */,
			);
			name = Products;
			sourceTree = "<group>";
		};
		29B97314FDCFA39411CA2CEA /* ComponentSwapping */ = {
			isa = PBXGroup;
			children = (
				01B97315FEAEA392516A2CEA /* Blocks */,
				29B97315FDCFA39411CA2CEA /* Headers */,
				080E96DDFE201D6D7F000001 /* Source */,
				29B97317FDCFA39411CA2CEA /* Resources */,
				29B97323FDCFA39411CA2CEA /* Frameworks */,
				19C28FACFE9D520D11CA2CBB /* Products */,
			);
			name = ComponentSwapping;
			sourceTree = "<group>";
			usesTabs = 1;
		};
		29B97315FDCFA39411CA2CEA /* Headers */ = {
			isa = PBXGroup;
			children = (
				9E22E05A916749989987F5A2 /* Resources.h */,
				24A0E3E010F34E6C8FA2E14F /* ComponentSwapping_Prefix.pch */,
			);
			name = Headers;
			sourceTree = "<group>";
		};
		29B97317FDCFA39411CA2CEA /* Resources */ = {
			isa = PBXGroup;
			children = (
				B7BC0EF4D58743DE9EC5B622 /* CinderApp.icns */,
				54FDC849C2804AE5B01ECA74 /* Info.plist */,
			);
			name = Resources;
			sourceTree = "<group>";
		};
		29B97323FDCFA39411CA2CEA /* Frameworks */ = {
			isa = PBXGroup;
			children = (
				1058C7A0FEA54F0111CA2CBB /* Linked Frameworks */,
				1058C7A2FEA54F0111CA2CBB /* Other Frameworks */,
			);
			name = Frameworks;
			sourceTree = "<group>";
		};
		652BE52F28B345DF92E240D6 /* Entity Component System */ = {
			isa = PBXGroup;
			children = (
				BCF75254482E42F7BABC171D /* src */,
			);
			name = "Entity Component System";
			sourceTree = "<group>";
		};
		AFC0F487195E46E8997ECC30 /* entityx */ = {
			isa = PBXGroup;
			children = (
				F24991F50C424D8F979A9A74 /* entityx */,
			);
			name = entityx;
			sourceTree = "<group>";
		};
		BCF75254482E42F7BABC171D /* src */ = {
			isa = PBXGroup;
			children = (
				0163B32F31114477B92306A0 /* soso */,
				AFC0F487195E46E8997ECC30 /* entityx */,
			);
			name = src;
			sourceTree = "<group>";
		};
		EB266C2E73E9468A91350BF0 /* help */ = {
			isa = PBXGroup;
			children = (
				1725F9ECCA2F4413BDC21816 /* Pool.cc */,
			);
			name = help;
			sourceTree = "<group>";
		};
		F24991F50C424D8F979A9A74 /* entityx */ = {
			isa = PBXGroup;
			children = (
				84603B672296413FB3B50FB3 /* Entity.h */,
				F7B74953B7644B54A5381524 /* entityx.h */,
				5E8A4CA3F5254F90945F4CAE /* Event.h */,
				A4A4000126FD4AFC96D6E92A /* quick.h */,
				5C74B9EF65AC402892172693 /* System.h */,
				630ECFCB87534F3291873831 /* Entity.cc */,
				B93A87C948554D3F9A976149 /* Event.cc */,
				FFA4143468424F94B3CAC424 /* System.cc */,
				EB266C2E73E9468A91350BF0 /* help */,
			);
			name = entityx;
			sourceTree = "<group>";
		};
/* End PBXGroup section */

/* Begin PBXNativeTarget section */
		8D1107260486CEB800E47090 /* ComponentSwapping */ = {
			isa = PBXNativeTarget;
			buildConfigurationList = C01FCF4A08A954540054247B /* Build configuration list for PBXNativeTarget "ComponentSwapping" */;
			buildPhases = (
				8D1107290486CEB800E47090 /* Resources */,
				8D11072C0486CEB800E47090 /* Sources */,
				8D11072E0486CEB800E47090 /* Frameworks */,
			);
			buildRules = (
			);
			dependencies = (
			);
			name = ComponentSwapping;
			productInstallPath = "$(HOME)/Applications";
			productName = ComponentSwapping;
			productReference = 8D1107320486CEB800E47090 /* ComponentSwapping.app */;
			productType = "com.apple.product-type.application";
		};
/* End PBXNativeTarget section */

/* Begin PBXProject section */
		29B97313FDCFA39411CA2CEA /* Project object */ = {
			isa = PBXProject;
			attributes = {
			};
			buildConfigurationList = C01FCF4E08A954540054247B /* Build configuration list for PBXProject "ComponentSwapping" */;
			compatibilityVersion = "Xcode 3.2";
			developmentRegion = English;
			hasScannedForEncodings = 1;
			knownRegions = (
				English,
				Japanese,
				French,
				German,
			);
			mainGroup = 29B97314FDCFA39411CA2CEA /* ComponentSwapping */;
			projectDirPath = "";
			projectRoot = "";
			targets = (
				8D1107260486CEB800E47090 /* ComponentSwapping */,
			);
		};
/* End PBXProject section */

/* Begin PBXResourcesBuildPhase section */
		8D1107290486CEB800E47090 /* Resources */ = {
			isa = PBXResourcesBuildPhase;
			buildActionMask = 2147483647;
			files = (
				88E0241340824812A8EAA215 /* CinderApp.icns in Resources */,
			);
			runOnlyForDeploymentPostprocessing = 0;
		};
/* End PBXResourcesBuildPhase section */

/* Begin PBXSourcesBuildPhase section */
		8D11072C0486CEB800E47090 /* Sources */ = {
			isa = PBXSourcesBuildPhase;
			buildActionMask = 2147483647;
			files = (
				79A985101DBB4B6A958DA222 /* ComponentSwappingApp.cpp in Sources */,
				077C2046238C4D659A932BFB /* BehaviorSystem.cpp in Sources */,
				95869AA04F4B4DE48E9FCBD0 /* ExpiresSystem.cpp in Sources */,
				AF73C5F8511B4A84BEEA8F6D /* TransformSystem.cpp in Sources */,
				51E109E80C4A4AA4BC588E92 /* VerletPhysicsSystem.cpp in Sources */,
				B562DAD3F4D941D0974FBECB /* Entity.cc in Sources */,
				74850F8B426C4ED8843184A2 /* Event.cc in Sources */,
				13C6F233B65249B0AED6DF92 /* System.cc in Sources */,
				85C3DB59DD2C495CB3583785 /* Pool.cc in Sources */,
			);
			runOnlyForDeploymentPostprocessing = 0;
		};
/* End PBXSourcesBuildPhase section */

/* Begin XCBuildConfiguration section */
		C01FCF4B08A954540054247B /* Debug */ = {
			isa = XCBuildConfiguration;
			buildSettings = {
				COMBINE_HIDPI_IMAGES = YES;
				COPY_PHASE_STRIP = NO;
				DEAD_CODE_STRIPPING = YES;
				GCC_DYNAMIC_NO_PIC = NO;
				GCC_INLINES_ARE_PRIVATE_EXTERN = YES;
				GCC_OPTIMIZATION_LEVEL = 0;
				GCC_PRECOMPILE_PREFIX_HEADER = YES;
				GCC_PREFIX_HEADER = ComponentSwapping_Prefix.pch;
				GCC_PREPROCESSOR_DEFINITIONS = (
					"DEBUG=1",
					"$(inherited)",
				);
				GCC_SYMBOLS_PRIVATE_EXTERN = NO;
				INFOPLIST_FILE = Info.plist;
				INSTALL_PATH = "$(HOME)/Applications";
				OTHER_LDFLAGS = "\"$(CINDER_PATH)/lib/libcinder_d.a\"";
				PRODUCT_BUNDLE_IDENTIFIER = "org.libcinder.${PRODUCT_NAME:rfc1034identifier}";
				PRODUCT_NAME = ComponentSwapping;
				SYMROOT = ./build;
				WRAPPER_EXTENSION = app;
			};
			name = Debug;
		};
		C01FCF4C08A954540054247B /* Release */ = {
			isa = XCBuildConfiguration;
			buildSettings = {
				COMBINE_HIDPI_IMAGES = YES;
				DEAD_CODE_STRIPPING = YES;
				DEBUG_INFORMATION_FORMAT = "dwarf-with-dsym";
				GCC_FAST_MATH = YES;
				GCC_GENERATE_DEBUGGING_SYMBOLS = NO;
				GCC_INLINES_ARE_PRIVATE_EXTERN = YES;
				GCC_OPTIMIZATION_LEVEL = 3;
				GCC_PRECOMPILE_PREFIX_HEADER = YES;
				GCC_PREFIX_HEADER = ComponentSwapping_Prefix.pch;
				GCC_PREPROCESSOR_DEFINITIONS = (
					"NDEBUG=1",
					"$(inherited)",
				);
				GCC_SYMBOLS_PRIVATE_EXTERN = NO;
				INFOPLIST_FILE = Info.plist;
				INSTALL_PATH = "$(HOME)/Applications";
				OTHER_LDFLAGS = "\"$(CINDER_PATH)/lib/libcinder.a\"";
				PRODUCT_BUNDLE_IDENTIFIER = "org.libcinder.${PRODUCT_NAME:rfc1034identifier}";
				PRODUCT_NAME = ComponentSwapping;
				STRIP_INSTALLED_PRODUCT = YES;
				SYMROOT = ./build;
				WRAPPER_EXTENSION = app;
			};
			name = Release;
		};
		C01FCF4F08A954540054247B /* Debug */ = {
			isa = XCBuildConfiguration;
			buildSettings = {
				ALWAYS_SEARCH_USER_PATHS = NO;
				CINDER_PATH = ../../../../..;
				CLANG_CXX_LANGUAGE_STANDARD = "c++14";
				CLANG_CXX_LIBRARY = "libc++";
				ENABLE_TESTABILITY = YES;
				GCC_WARN_ABOUT_RETURN_TYPE = YES;
				GCC_WARN_UNUSED_VARIABLE = YES;
				HEADER_SEARCH_PATHS = "\"$(CINDER_PATH)/include\"";
				MACOSX_DEPLOYMENT_TARGET = 10.8;
				ONLY_ACTIVE_ARCH = YES;
				SDKROOT = macosx;
				USER_HEADER_SEARCH_PATHS = "\"$(CINDER_PATH)/include\" ../include ../../../src ../../../src/soso/config ../../../src/entityx";
			};
			name = Debug;
		};
		C01FCF5008A954540054247B /* Release */ = {
			isa = XCBuildConfiguration;
			buildSettings = {
				ALWAYS_SEARCH_USER_PATHS = NO;
				CINDER_PATH = ../../../../..;
				CLANG_CXX_LANGUAGE_STANDARD = "c++14";
				CLANG_CXX_LIBRARY = "libc++";
				GCC_WARN_ABOUT_RETURN_TYPE = YES;
				GCC_WARN_UNUSED_VARIABLE = YES;
				HEADER_SEARCH_PATHS = "\"$(CINDER_PATH)/include\"";
				MACOSX_DEPLOYMENT_TARGET = 10.8;
				SDKROOT = macosx;
				USER_HEADER_SEARCH_PATHS = "\"$(CINDER_PATH)/include\" ../include ../../../src ../../../src/soso/config ../../../src/entityx";
			};
			name = Release;
		};
/* End XCBuildConfiguration section */

/* Begin XCConfigurationList section */
		C01FCF4A08A954540054247B /* Build configuration list for PBXNativeTarget "ComponentSwapping" */ = {
			isa = XCConfigurationList;
			buildConfigurations = (
				C01FCF4B08A954540054247B /* Debug */,
				C01FCF4C08A954540054247B /* Release */,
			);
			defaultConfigurationIsVisible = 0;
			defaultConfigurationName = Release;
		};
		C01FCF4E08A954540054247B /* Build configuration list for PBXProject "ComponentSwapping" */ = {
			isa = XCConfigurationList;
			buildConfigurations = (
				C01FCF4F08A954540054247B /* Debug */,
				C01FCF5008A954540054247B /* Release */,
			);
			defaultConfigurationIsVisible = 0;
			defaultConfigurationName = Release;
		};
/* End XCConfigurationList section */
	};
	rootObject = 29B97313FDCFA39411CA2CEA /* Project object */;
}
